schema: '2.0'
stages:
  collect_qwen_arch@0:
    cmd: uv run python collect_data.py --dataset gsm8k --model_name 
      Qwen/Qwen2.5-7B-Instruct --max_new_tokens 1024 --layers 7,14,21 
      --output_dir data/qwen/gsm8k
    deps:
    - path: collect_data.py
      hash: md5
      md5: edb33c1b7889ac7d8e743ff18bbce0cb
      size: 19789
    params:
      params.yaml:
        collect.batch_save_size: 50
        collect_qwen_arch_matrix:
        - model: qwen
          dataset: gsm8k
          model_name: Qwen/Qwen2.5-7B-Instruct
          max_new_tokens: 1024
        - model: qwen
          dataset: math500
          model_name: Qwen/Qwen2.5-7B-Instruct
          max_new_tokens: 1024
        datasets.gsm8k:
          hf_path: openai/gsm8k
          hf_name: main
          split: test
    outs:
    - path: data/qwen/gsm8k
      hash: md5
      md5: ebea02e08947d539d5ce177cfc95d0a1.dir
      size: 6418703746
      nfiles: 27
  analyze_base@0:
    cmd: uv run python analyze.py --analysis_family base --data_dir 
      data/qwen/gsm8k --output_dir results/qwen/gsm8k --dataset_label gsm8k 
      --output_name gsm8k_base_results.json --pca_dim 128 --cv_random_state 42 
      --n_bootstrap 0 --difficulty --subject
    deps:
    - path: analyze.py
      hash: md5
      md5: 70dcdef6a5b569e379fad9341d3e74dd
      size: 102862
    - path: data/qwen/gsm8k
      hash: md5
      md5: ebea02e08947d539d5ce177cfc95d0a1.dir
      size: 6418703746
      nfiles: 27
    params:
      params.yaml:
        analyze.cv_random_state: 42
        analyze.pca_dim: 128
        analyze_matrix:
        - model: qwen
          dataset: gsm8k
          n_bootstrap: 0
        - model: qwen
          dataset: math500
          n_bootstrap: 100
    outs:
    - path: results/qwen/gsm8k/gsm8k_base_results.json
      hash: md5
      md5: 30fda7018d3b198ad91de412f99bf84b
      size: 6906
  analyze_base@1:
    cmd: uv run python analyze.py --analysis_family base --data_dir 
      data/deepseek/gsm8k --output_dir results/deepseek/gsm8k --dataset_label 
      gsm8k --output_name gsm8k_base_results.json --pca_dim 128 
      --cv_random_state 42 --n_bootstrap 0 --difficulty --subject
    deps:
    - path: analyze.py
      hash: md5
      md5: 70dcdef6a5b569e379fad9341d3e74dd
      size: 102862
    - path: data/deepseek/gsm8k
      hash: md5
      md5: 111fe442876d8a5c2846b802cd6c8479.dir
      size: 7523214633
      nfiles: 10
    params:
      params.yaml:
        analyze.cv_random_state: 42
        analyze.pca_dim: 128
    outs:
    - path: results/deepseek/gsm8k/gsm8k_base_results.json
      hash: md5
      md5: 9d46ae3c2c4c6d75f46626d2d6cc333a
      size: 6877
  analyze_controls@0:
    cmd: uv run python analyze.py --analysis_family controls --data_dir 
      data/qwen/gsm8k --output_dir results/qwen/gsm8k --dataset_label gsm8k 
      --output_name gsm8k_controls_results.json --pca_dim 128 --cv_random_state 
      42 --n_bootstrap 0
    deps:
    - path: analyze.py
      hash: md5
      md5: 70dcdef6a5b569e379fad9341d3e74dd
      size: 102862
    - path: data/qwen/gsm8k
      hash: md5
      md5: ebea02e08947d539d5ce177cfc95d0a1.dir
      size: 6418703746
      nfiles: 27
    params:
      params.yaml:
        analyze.cv_random_state: 42
        analyze.pca_dim: 128
        analyze_matrix:
        - model: qwen
          dataset: gsm8k
          n_bootstrap: 0
        - model: qwen
          dataset: math500
          n_bootstrap: 100
    outs:
    - path: results/qwen/gsm8k/gsm8k_controls_results.json
      hash: md5
      md5: 81aec5a7f26c6a5f7b073ada1fdb052e
      size: 12423
  analyze_controls@1:
    cmd: uv run python analyze.py --analysis_family controls --data_dir 
      data/deepseek/gsm8k --output_dir results/deepseek/gsm8k --dataset_label 
      gsm8k --output_name gsm8k_controls_results.json --pca_dim 128 
      --cv_random_state 42 --n_bootstrap 0
    deps:
    - path: analyze.py
      hash: md5
      md5: 70dcdef6a5b569e379fad9341d3e74dd
      size: 102862
    - path: data/deepseek/gsm8k
      hash: md5
      md5: 111fe442876d8a5c2846b802cd6c8479.dir
      size: 7523214633
      nfiles: 10
    params:
      params.yaml:
        analyze.cv_random_state: 42
        analyze.pca_dim: 128
    outs:
    - path: results/deepseek/gsm8k/gsm8k_controls_results.json
      hash: md5
      md5: 13de625f5fdb9f1ea2c24632e5aa08b2
      size: 12324
  merge_analyze@qwen-gsm8k:
    cmd: uv run python merge_results.py --output_path 
      results/qwen/gsm8k/gsm8k_results.json --inputs 
      results/qwen/gsm8k/gsm8k_base_results.json 
      results/qwen/gsm8k/gsm8k_controls_results.json 
      results/qwen/gsm8k/gsm8k_subspace_results.json
    deps:
    - path: merge_results.py
      hash: md5
      md5: eb67ff10bc7b4331636e27c7ff619163
      size: 2205
    - path: results/qwen/gsm8k/gsm8k_base_results.json
      hash: md5
      md5: 30fda7018d3b198ad91de412f99bf84b
      size: 6906
    - path: results/qwen/gsm8k/gsm8k_controls_results.json
      hash: md5
      md5: 81aec5a7f26c6a5f7b073ada1fdb052e
      size: 12423
    - path: results/qwen/gsm8k/gsm8k_subspace_results.json
      hash: md5
      md5: df29418744463474e2eba921e5c8ce55
      size: 39625
    outs:
    - path: results/qwen/gsm8k/gsm8k_results.json
      hash: md5
      md5: 304054380913f40e33fcafbc0e6a8407
      size: 57449
  collect_qwen_dense_math500:
    cmd: uv run python collect_data.py --dataset math500 --model_name 
      Qwen/Qwen2.5-7B-Instruct --max_new_tokens 1024 --layers 
      0,2,4,6,8,10,12,14,16,18,20,22,24,26 --output_dir data/qwen_dense/math500
    deps:
    - path: collect_data.py
      hash: md5
      md5: edb33c1b7889ac7d8e743ff18bbce0cb
      size: 19789
    params:
      params.yaml:
        collect.batch_save_size: 50
        datasets.math500:
          hf_path: HuggingFaceH4/MATH-500
          hf_name:
          split: test
        models.qwen_dense.max_new_tokens: 1024
        models.qwen_dense.name: Qwen/Qwen2.5-7B-Instruct
    outs:
    - path: data/qwen_dense/math500
      hash: md5
      md5: 3af89d2a3a4f511a57cfae3e2de6427d.dir
      size: 25911345767
      nfiles: 10
  analyze_qwen_dense_math500:
    cmd: uv run python analyze.py --analysis_family base --data_dir 
      data/qwen_dense/math500 --output_dir results/qwen_dense/math500 
      --dataset_label math500 --output_name math500_base_results.json --pca_dim 
      128 --cv_random_state 42 --n_bootstrap 0
    deps:
    - path: analyze.py
      hash: md5
      md5: 70dcdef6a5b569e379fad9341d3e74dd
      size: 102862
    - path: data/qwen_dense/math500
      hash: md5
      md5: 3af89d2a3a4f511a57cfae3e2de6427d.dir
      size: 25911345767
      nfiles: 10
    params:
      params.yaml:
        analyze.cv_random_state: 42
        analyze.pca_dim: 128
    outs:
    - path: results/qwen_dense/math500/math500_base_results.json
      hash: md5
      md5: f151661835aa8a1897c60e90923ed14f
      size: 29598
  analyze_controls_qwen_dense_math500:
    cmd: uv run python analyze.py --analysis_family controls --data_dir 
      data/qwen_dense/math500 --output_dir results/qwen_dense/math500 
      --dataset_label math500 --output_name math500_controls_results.json 
      --pca_dim 128 --cv_random_state 42 --n_bootstrap 0
    deps:
    - path: analyze.py
      hash: md5
      md5: 70dcdef6a5b569e379fad9341d3e74dd
      size: 102862
    - path: data/qwen_dense/math500
      hash: md5
      md5: 3af89d2a3a4f511a57cfae3e2de6427d.dir
      size: 25911345767
      nfiles: 10
    params:
      params.yaml:
        analyze.cv_random_state: 42
        analyze.pca_dim: 128
    outs:
    - path: results/qwen_dense/math500/math500_controls_results.json
      hash: md5
      md5: c661846e8bf78eb572c9af9571e95e88
      size: 55220
  merge_analyze_qwen_dense_math500:
    cmd: uv run python merge_results.py --output_path 
      results/qwen_dense/math500/math500_results.json --inputs 
      results/qwen_dense/math500/math500_base_results.json 
      results/qwen_dense/math500/math500_controls_results.json
    deps:
    - path: merge_results.py
      hash: md5
      md5: eb67ff10bc7b4331636e27c7ff619163
      size: 2205
    - path: results/qwen_dense/math500/math500_base_results.json
      hash: md5
      md5: f151661835aa8a1897c60e90923ed14f
      size: 29598
    - path: results/qwen_dense/math500/math500_controls_results.json
      hash: md5
      md5: c661846e8bf78eb572c9af9571e95e88
      size: 55220
    outs:
    - path: results/qwen_dense/math500/math500_results.json
      hash: md5
      md5: 132fbb19ef2edabdf5312d8c394fda9c
      size: 83871
  truncation_probe@0:
    cmd: uv run python truncation_probe.py --model_name 
      deepseek-ai/DeepSeek-R1-Distill-Qwen-7B --max_new_tokens 8192 --limit 24 
      --num_samples 1 --batch_size 8 --output 
      results/truncation_probe/deepseek_8192.json
    deps:
    - path: truncation_probe.py
      hash: md5
      md5: 5b4beedde69f99628d6ff961ebcc6cd5
      size: 7445
    params:
      params.yaml:
        truncation_probe_matrix:
        - name: deepseek
          model_name: deepseek-ai/DeepSeek-R1-Distill-Qwen-7B
          max_new_tokens: 8192
          limit: 24
          num_samples: 1
          batch_size: 8
        - name: deepseek_llama
          model_name: deepseek-ai/DeepSeek-R1-Distill-Llama-8B
          max_new_tokens: 12288
          limit: 24
          num_samples: 1
          batch_size: 8
    outs:
    - path: results/truncation_probe/deepseek_8192.json
      hash: md5
      md5: 9a368c3d5a3aed7d30dcd7c87f191bf5
      size: 3958
  truncation_probe@1:
    cmd: uv run python truncation_probe.py --model_name 
      deepseek-ai/DeepSeek-R1-Distill-Llama-8B --max_new_tokens 12288 --limit 24
      --num_samples 1 --batch_size 8 --output 
      results/truncation_probe/deepseek_llama_12288.json
    deps:
    - path: truncation_probe.py
      hash: md5
      md5: 5b4beedde69f99628d6ff961ebcc6cd5
      size: 7445
    params:
      params.yaml:
        truncation_probe_matrix:
        - name: deepseek
          model_name: deepseek-ai/DeepSeek-R1-Distill-Qwen-7B
          max_new_tokens: 8192
          limit: 24
          num_samples: 1
          batch_size: 8
        - name: deepseek_llama
          model_name: deepseek-ai/DeepSeek-R1-Distill-Llama-8B
          max_new_tokens: 12288
          limit: 24
          num_samples: 1
          batch_size: 8
    outs:
    - path: results/truncation_probe/deepseek_llama_12288.json
      hash: md5
      md5: 44f5cceb85dc11d1b9b48c8ac1f60259
      size: 3988
  collect_bestofn_full@0:
    cmd: uv run python collect_data.py --dataset math500 --model_name 
      Qwen/Qwen2.5-7B-Instruct --max_new_tokens 1024 --layers 7,14,21 
      --temperature 0.6 --num_samples 8 --limit 500 --output_dir 
      data/qwen_bestofn_full/math500
    deps:
    - path: collect_data.py
      hash: md5
      md5: edb33c1b7889ac7d8e743ff18bbce0cb
      size: 19789
    params:
      params.yaml:
        best_of_n.num_samples: 8
        best_of_n.temperature: 0.6
        bestofn_matrix:
        - model: qwen
          scale: full
          limit: 500
          model_name: Qwen/Qwen2.5-7B-Instruct
          max_new_tokens: 1024
          layers: 7,14,21
        datasets.math500:
          hf_path: HuggingFaceH4/MATH-500
          hf_name:
          split: test
    outs:
    - path: data/qwen_bestofn_full/math500
      hash: md5
      md5: 7855e73dd0aca0dc8df01b88fe77a1f1.dir
      size: 44677418578
      nfiles: 80
  evaluate_prompt_decomposition@0:
    cmd: CUDA_VISIBLE_DEVICES="" uv run python -u prompt_decomposition.py 
      --data_dir data/qwen_bestofn_full/math500 --output_dir 
      results/qwen_bestofn_full/math500 --dataset_label math500 --model_label 
      qwen --layers 7,14,21 --pca_dim 128 --n 8 --expected_prompts 500 
      --n_splits 5 --n_bootstrap 1000 --seed 42 --load_workers 4 
      --contrastive_regions full,high_entropy_q20,tail_q20,random_q20 
      --hidden_probe_regions full,high_entropy_q20,tail_q20 
      --n_alignment_shuffles 1000 --alignment_seed 42 --region_seed 42 
      --hidden_dtype float16 --compute_dtype float32 --max_reference_tokens 
      2000000 --max_new_tokens 1024
    deps:
    - path: analyze.py
      hash: md5
      md5: 102f1809d24167bdc1956ba9634b47f2
      size: 108275
    - path: best_of_n.py
      hash: md5
      md5: b518ece77f49dc68d92b81a0bd9e56de
      size: 36597
    - path: data/qwen_bestofn_full/math500
      hash: md5
      md5: 7855e73dd0aca0dc8df01b88fe77a1f1.dir
      size: 44677418578
      nfiles: 80
    - path: prompt_decomposition.py
      hash: md5
      md5: 3714e04b0687c1bb874de5af0d363500
      size: 106561
    params:
      params.yaml:
        analyze.pca_dim: 128
        prompt_decomposition:
          n: 8
          expected_prompts: 500
          n_splits: 5
          n_bootstrap: 1000
          seed: 42
          load_workers: 4
          contrastive_regions: full,high_entropy_q20,tail_q20,random_q20
          hidden_probe_regions: full,high_entropy_q20,tail_q20
          n_alignment_shuffles: 1000
          alignment_seed: 42
          region_seed: 42
          hidden_dtype: float16
          compute_dtype: float32
          max_reference_tokens: 2000000
    outs:
    - path: 
        results/qwen_bestofn_full/math500/math500_prompt_decomposition_oof.csv
      hash: md5
      md5: d0ed37ca0750827c37336a7367a66557
      size: 6850876
    - path: 
        results/qwen_bestofn_full/math500/math500_prompt_decomposition_report.md
      hash: md5
      md5: 4169134f65836096444a05f228078265
      size: 33268
    - path: 
        results/qwen_bestofn_full/math500/math500_prompt_decomposition_results.json
      hash: md5
      md5: af5256dc56b7a36d2b94531830507e46
      size: 1014887
  evaluate_wave1_experiments@0:
    cmd: CUDA_VISIBLE_DEVICES="" uv run python wave1_experiments.py --data_dir 
      data/qwen_bestofn_full/math500 --oof_csv 
      results/qwen_bestofn_full/math500/math500_prompt_decomposition_oof.csv 
      --output_dir results/qwen_bestofn_full/math500 --dataset_label math500 
      --model_label qwen --layers 7,14,21 --pca_dim 128 --max_new_tokens 1024 
      --n_bootstrap 1000 --seed 42 --load_workers 4 --hidden_dtype float16 
      --compute_dtype float32 --max_reference_tokens 2000000
    deps:
    - path: analyze.py
      hash: md5
      md5: 102f1809d24167bdc1956ba9634b47f2
      size: 108275
    - path: best_of_n.py
      hash: md5
      md5: b518ece77f49dc68d92b81a0bd9e56de
      size: 36597
    - path: data/qwen_bestofn_full/math500
      hash: md5
      md5: 7855e73dd0aca0dc8df01b88fe77a1f1.dir
      size: 44677418578
      nfiles: 80
    - path: prompt_decomposition.py
      hash: md5
      md5: 3714e04b0687c1bb874de5af0d363500
      size: 106561
    - path: 
        results/qwen_bestofn_full/math500/math500_prompt_decomposition_oof.csv
      hash: md5
      md5: d0ed37ca0750827c37336a7367a66557
      size: 6850876
    - path: wave1_experiments.py
      hash: md5
      md5: dd4b9412d18d1dfb57e2b7def97379c0
      size: 50350
    params:
      params.yaml:
        wave1_experiments:
          n_bootstrap: 1000
          seed: 42
          pca_dim: 128
          load_workers: 4
          min_mixed_prompts: 30
          hidden_dtype: float16
          compute_dtype: float32
          max_reference_tokens: 2000000
    outs:
    - path: results/qwen_bestofn_full/math500/math500_wave1.png
      hash: md5
      md5: 1f2bf3915eef35cdf23d09217dfb152c
      size: 212872
    - path: results/qwen_bestofn_full/math500/math500_wave1_report.md
      hash: md5
      md5: cafd1b0f4478887c984acae1d42b5f89
      size: 11461
    - path: results/qwen_bestofn_full/math500/math500_wave1_results.json
      hash: md5
      md5: a02c62f1aeb8ad41d9ec13fdb6a5516b
      size: 312915
  summarize:
    cmd: uv run python summarize.py --results_dir results --output_dir results 
      --profile current
    deps:
    - path: results/qwen/gsm8k/gsm8k_results.json
      hash: md5
      md5: 304054380913f40e33fcafbc0e6a8407
      size: 57449
    - path: 
        results/qwen_bestofn_full/math500/math500_prompt_decomposition_report.md
      hash: md5
      md5: 1ba23e039bc1191c8698479ab468286f
      size: 28598
    - path: 
        results/qwen_bestofn_full/math500/math500_prompt_decomposition_results.json
      hash: md5
      md5: 67b0831bfd03beb238918fe5e6126f76
      size: 988749
    - path: results/qwen_bestofn_full/math500/math500_wave1_results.json
      hash: md5
      md5: c6865af7ce49698703bcceae10c11ab7
      size: 218310
    - path: results/qwen_dense/math500/math500_results.json
      hash: md5
      md5: 132fbb19ef2edabdf5312d8c394fda9c
      size: 83871
    - path: summarize.py
      hash: md5
      md5: f527cc581683b2df669e49b7212d524b
      size: 53643
    params:
      params.yaml:
        summary.profile: current
    outs:
    - path: results/SUMMARY.md
      hash: md5
      md5: d89899943bb14afa79c136c69f6f88cc
      size: 27066
    - path: results/all_results.json
      hash: md5
      md5: 518e854046573d44f46e98c2dba632fc
      size: 2829451
  collect_arch@1:
    cmd: uv run python collect_data.py --dataset gsm8k --model_name 
      deepseek-ai/DeepSeek-R1-Distill-Llama-8B --max_new_tokens 12288 --layers 
      8,16,24 --limit 500 --two_phase --group_problems 8 --output_dir 
      data/deepseek_llama/gsm8k
    deps:
    - path: collect_data.py
      hash: md5
      md5: 07e020ebb5037979fb62b763f8536fd1
      size: 33127
    params:
      params.yaml:
        collect.batch_save_size: 50
        datasets.gsm8k:
          hf_path: openai/gsm8k
          hf_name: main
          split: test
    outs:
    - path: data/deepseek_llama/gsm8k
      hash: md5
      md5: ee13779288e6b7e6a019c59134c8bdb7.dir
      size: 5145185747
      nfiles: 10
  analyze_base@2:
    cmd: uv run python analyze.py --analysis_family base --data_dir 
      data/deepseek_llama/gsm8k --output_dir results/deepseek_llama/gsm8k 
      --dataset_label gsm8k --output_name gsm8k_base_results.json --pca_dim 128 
      --cv_random_state 42 --n_bootstrap 0 --difficulty --subject
    deps:
    - path: analyze.py
      hash: md5
      md5: 70dcdef6a5b569e379fad9341d3e74dd
      size: 102862
    - path: data/deepseek_llama/gsm8k
      hash: md5
      md5: ee13779288e6b7e6a019c59134c8bdb7.dir
      size: 5145185747
      nfiles: 10
    params:
      params.yaml:
        analyze.cv_random_state: 42
        analyze.pca_dim: 128
    outs:
    - path: results/deepseek_llama/gsm8k/gsm8k_base_results.json
      hash: md5
      md5: 09ecdf0b50e0c22d4cab56af14603eff
      size: 6901
  analyze_controls@2:
    cmd: uv run python analyze.py --analysis_family controls --data_dir 
      data/deepseek_llama/gsm8k --output_dir results/deepseek_llama/gsm8k 
      --dataset_label gsm8k --output_name gsm8k_controls_results.json --pca_dim 
      128 --cv_random_state 42 --n_bootstrap 0
    deps:
    - path: analyze.py
      hash: md5
      md5: 70dcdef6a5b569e379fad9341d3e74dd
      size: 102862
    - path: data/deepseek_llama/gsm8k
      hash: md5
      md5: ee13779288e6b7e6a019c59134c8bdb7.dir
      size: 5145185747
      nfiles: 10
    params:
      params.yaml:
        analyze.cv_random_state: 42
        analyze.pca_dim: 128
    outs:
    - path: results/deepseek_llama/gsm8k/gsm8k_controls_results.json
      hash: md5
      md5: 91a11da04ac55b22b14fa4713bec4222
      size: 12400
  merge_analyze@deepseek_llama-gsm8k:
    cmd: uv run python merge_results.py --output_path 
      results/deepseek_llama/gsm8k/gsm8k_results.json --inputs 
      results/deepseek_llama/gsm8k/gsm8k_base_results.json 
      results/deepseek_llama/gsm8k/gsm8k_controls_results.json
    deps:
    - path: merge_results.py
      hash: md5
      md5: eb67ff10bc7b4331636e27c7ff619163
      size: 2205
    - path: results/deepseek_llama/gsm8k/gsm8k_base_results.json
      hash: md5
      md5: 09ecdf0b50e0c22d4cab56af14603eff
      size: 6901
    - path: results/deepseek_llama/gsm8k/gsm8k_controls_results.json
      hash: md5
      md5: 91a11da04ac55b22b14fa4713bec4222
      size: 12400
    outs:
    - path: results/deepseek_llama/gsm8k/gsm8k_results.json
      hash: md5
      md5: c921e91bdd49802072c065b120ad547d
      size: 18548
  collect_arch@0:
    cmd: uv run python collect_data.py --dataset gsm8k --model_name 
      deepseek-ai/DeepSeek-R1-Distill-Qwen-7B --max_new_tokens 8192 --layers 
      7,14,21 --limit 500 --two_phase --group_problems 8 --output_dir 
      data/deepseek/gsm8k
    deps:
    - path: collect_data.py
      hash: md5
      md5: 07e020ebb5037979fb62b763f8536fd1
      size: 33127
    params:
      params.yaml:
        collect.batch_save_size: 50
        datasets.gsm8k:
          hf_path: openai/gsm8k
          hf_name: main
          split: test
    outs:
    - path: data/deepseek/gsm8k
      hash: md5
      md5: 111fe442876d8a5c2846b802cd6c8479.dir
      size: 7523214633
      nfiles: 10
  merge_analyze@deepseek-gsm8k:
    cmd: uv run python merge_results.py --output_path 
      results/deepseek/gsm8k/gsm8k_results.json --inputs 
      results/deepseek/gsm8k/gsm8k_base_results.json 
      results/deepseek/gsm8k/gsm8k_controls_results.json
    deps:
    - path: merge_results.py
      hash: md5
      md5: eb67ff10bc7b4331636e27c7ff619163
      size: 2205
    - path: results/deepseek/gsm8k/gsm8k_base_results.json
      hash: md5
      md5: 9d46ae3c2c4c6d75f46626d2d6cc333a
      size: 6877
    - path: results/deepseek/gsm8k/gsm8k_controls_results.json
      hash: md5
      md5: 13de625f5fdb9f1ea2c24632e5aa08b2
      size: 12324
    outs:
    - path: results/deepseek/gsm8k/gsm8k_results.json
      hash: md5
      md5: 3f12f9c7868b0217dd16e118cd95a126
      size: 18449
  collect_bestofn_full@1:
    cmd: uv run python collect_data.py --dataset math500 --model_name 
      deepseek-ai/DeepSeek-R1-Distill-Qwen-7B --max_new_tokens 8192 --layers 
      7,14,21 --temperature 0.6 --num_samples 8 --limit 500 --output_dir 
      data/deepseek_bestofn_full/math500
    deps:
    - path: collect_data.py
      hash: md5
      md5: 07e020ebb5037979fb62b763f8536fd1
      size: 33127
    params:
      params.yaml:
        best_of_n.num_samples: 8
        best_of_n.temperature: 0.6
        datasets.math500:
          hf_path: HuggingFaceH4/MATH-500
          hf_name:
          split: test
    outs:
    - path: data/deepseek_bestofn_full/math500
      hash: md5
      md5: 1744de79852f4e825c5274a36f5d32a1.dir
      size: 255227396511
      nfiles: 81
  evaluate_prompt_decomposition@1:
    cmd: CUDA_VISIBLE_DEVICES="" uv run python -u prompt_decomposition.py 
      --data_dir data/deepseek_bestofn_full/math500 --output_dir 
      results/deepseek_bestofn_full/math500 --dataset_label math500 
      --model_label deepseek --layers 7,14,21 --pca_dim 128 --n 8 
      --expected_prompts 500 --n_splits 5 --n_bootstrap 1000 --seed 42 
      --load_workers 4 --contrastive_regions 
      full,high_entropy_q20,tail_q20,random_q20 --hidden_probe_regions 
      full,high_entropy_q20,tail_q20 --n_alignment_shuffles 1000 
      --alignment_seed 42 --region_seed 42 --hidden_dtype float16 
      --compute_dtype float32 --max_reference_tokens 2000000 --max_new_tokens 
      8192
    deps:
    - path: analyze.py
      hash: md5
      md5: 102f1809d24167bdc1956ba9634b47f2
      size: 108275
    - path: best_of_n.py
      hash: md5
      md5: b518ece77f49dc68d92b81a0bd9e56de
      size: 36597
    - path: data/deepseek_bestofn_full/math500
      hash: md5
      md5: 1744de79852f4e825c5274a36f5d32a1.dir
      size: 255227396511
      nfiles: 81
    - path: prompt_decomposition.py
      hash: md5
      md5: 3714e04b0687c1bb874de5af0d363500
      size: 106561
    params:
      params.yaml:
        analyze.pca_dim: 128
        prompt_decomposition:
          n: 8
          expected_prompts: 500
          n_splits: 5
          n_bootstrap: 1000
          seed: 42
          load_workers: 4
          contrastive_regions: full,high_entropy_q20,tail_q20,random_q20
          hidden_probe_regions: full,high_entropy_q20,tail_q20
          n_alignment_shuffles: 1000
          alignment_seed: 42
          region_seed: 42
          hidden_dtype: float16
          compute_dtype: float32
          max_reference_tokens: 2000000
    outs:
    - path: 
        results/deepseek_bestofn_full/math500/math500_prompt_decomposition_oof.csv
      hash: md5
      md5: 896752e0734219ca9fa4b2bbf17c1a6e
      size: 6821165
    - path: 
        results/deepseek_bestofn_full/math500/math500_prompt_decomposition_report.md
      hash: md5
      md5: 4a26b8afa7a94f5de0b9f796ea1bc3f7
      size: 33151
    - path: 
        results/deepseek_bestofn_full/math500/math500_prompt_decomposition_results.json
      hash: md5
      md5: 893f7101eec90f92aad0004928c4e074
      size: 1144714
  evaluate_wave1_experiments@1:
    cmd: CUDA_VISIBLE_DEVICES="" uv run python wave1_experiments.py --data_dir 
      data/deepseek_bestofn_full/math500 --oof_csv 
      results/deepseek_bestofn_full/math500/math500_prompt_decomposition_oof.csv
      --output_dir results/deepseek_bestofn_full/math500 --dataset_label math500
      --model_label deepseek --layers 7,14,21 --pca_dim 128 --max_new_tokens 
      8192 --n_bootstrap 1000 --seed 42 --load_workers 4 --hidden_dtype float16 
      --compute_dtype float32 --max_reference_tokens 2000000
    deps:
    - path: analyze.py
      hash: md5
      md5: 102f1809d24167bdc1956ba9634b47f2
      size: 108275
    - path: best_of_n.py
      hash: md5
      md5: b518ece77f49dc68d92b81a0bd9e56de
      size: 36597
    - path: data/deepseek_bestofn_full/math500
      hash: md5
      md5: 1744de79852f4e825c5274a36f5d32a1.dir
      size: 255227396511
      nfiles: 81
    - path: prompt_decomposition.py
      hash: md5
      md5: 3714e04b0687c1bb874de5af0d363500
      size: 106561
    - path: 
        results/deepseek_bestofn_full/math500/math500_prompt_decomposition_oof.csv
      hash: md5
      md5: 896752e0734219ca9fa4b2bbf17c1a6e
      size: 6821165
    - path: wave1_experiments.py
      hash: md5
      md5: dd4b9412d18d1dfb57e2b7def97379c0
      size: 50350
    params:
      params.yaml:
        wave1_experiments:
          n_bootstrap: 1000
          seed: 42
          pca_dim: 128
          load_workers: 4
          min_mixed_prompts: 30
          hidden_dtype: float16
          compute_dtype: float32
          max_reference_tokens: 2000000
    outs:
    - path: results/deepseek_bestofn_full/math500/math500_wave1.png
      hash: md5
      md5: e6d732190675ff3700c2bf6f7420bb8d
      size: 199939
    - path: results/deepseek_bestofn_full/math500/math500_wave1_report.md
      hash: md5
      md5: 225215ecaa676cf244d3d871f457cfc6
      size: 11494
    - path: results/deepseek_bestofn_full/math500/math500_wave1_results.json
      hash: md5
      md5: 6ea5ccfc5bac4d5e36bb357ee1131969
      size: 313518
  evaluate_incremental_abstention@0:
    cmd: CUDA_VISIBLE_DEVICES="" uv run python incremental_abstention.py 
      --oof_csv 
      results/qwen_bestofn_full/math500/math500_prompt_decomposition_oof.csv 
      --output_dir results/qwen_bestofn_full/math500 --data_dir 
      data/qwen_bestofn_full/math500 --dataset_label math500 --model_label qwen 
      --layer 21 --expected_traces 8 --n_bootstrap 1000 --seed 42
    deps:
    - path: data/qwen_bestofn_full/math500
      hash: md5
      md5: 7855e73dd0aca0dc8df01b88fe77a1f1.dir
      size: 44677418578
      nfiles: 80
    - path: incremental_abstention.py
      hash: md5
      md5: 1edac56e3e93ec12f17af3656a26f385
      size: 32304
    - path: 
        results/qwen_bestofn_full/math500/math500_prompt_decomposition_oof.csv
      hash: md5
      md5: d0ed37ca0750827c37336a7367a66557
      size: 6850876
    - path: trace_caps.py
      hash: md5
      md5: 7545f533be886f94148c4f63d9e4ce24
      size: 9746
    params:
      params.yaml:
        incremental_abstention:
          n_bootstrap: 1000
          seed: 42
          expected_traces: 8
    outs:
    - path: 
        results/qwen_bestofn_full/math500/math500_incremental_abstention_report.md
      hash: md5
      md5: c9646218d816b5c34bb07ac5a1acf742
      size: 3459
    - path: 
        results/qwen_bestofn_full/math500/math500_incremental_abstention_results.json
      hash: md5
      md5: 8260d5df18f059b801cba28cfdb49b74
      size: 13057
  evaluate_incremental_abstention@1:
    cmd: CUDA_VISIBLE_DEVICES="" uv run python incremental_abstention.py 
      --oof_csv 
      results/deepseek_bestofn_full/math500/math500_prompt_decomposition_oof.csv
      --output_dir results/deepseek_bestofn_full/math500 --data_dir 
      data/deepseek_bestofn_full/math500 --dataset_label math500 --model_label 
      deepseek --layer 21 --expected_traces 8 --n_bootstrap 1000 --seed 42
    deps:
    - path: data/deepseek_bestofn_full/math500
      hash: md5
      md5: 1744de79852f4e825c5274a36f5d32a1.dir
      size: 255227396511
      nfiles: 81
    - path: incremental_abstention.py
      hash: md5
      md5: 1edac56e3e93ec12f17af3656a26f385
      size: 32304
    - path: 
        results/deepseek_bestofn_full/math500/math500_prompt_decomposition_oof.csv
      hash: md5
      md5: 896752e0734219ca9fa4b2bbf17c1a6e
      size: 6821165
    - path: trace_caps.py
      hash: md5
      md5: 7545f533be886f94148c4f63d9e4ce24
      size: 9746
    params:
      params.yaml:
        incremental_abstention:
          n_bootstrap: 1000
          seed: 42
          expected_traces: 8
    outs:
    - path: 
        results/deepseek_bestofn_full/math500/math500_incremental_abstention_report.md
      hash: md5
      md5: d3b483cd75609abd41aa280ee66dfb71
      size: 3460
    - path: 
        results/deepseek_bestofn_full/math500/math500_incremental_abstention_results.json
      hash: md5
      md5: 92940d16171bb0ea3c6f460dea2c0803
      size: 13109
